// !$*UTF8*$!
{
	archiveVersion = 1;
	classes = {
	};
	objectVersion = 50;
	objects = {

/* Begin PBXBuildFile section */
		0D4E06C422267D7100EB5DDC /* AppDelegate.swift in Sources */ = {isa = PBXBuildFile; fileRef = 0D4E06C322267D7100EB5DDC /* AppDelegate.swift */; };
		0D4E06C922267D7100EB5DDC /* Main.storyboard in Resources */ = {isa = PBXBuildFile; fileRef = 0D4E06C722267D7100EB5DDC /* Main.storyboard */; };
		0D4E06CC22267D7100EB5DDC /* PiHR.xcdatamodeld in Sources */ = {isa = PBXBuildFile; fileRef = 0D4E06CA22267D7100EB5DDC /* PiHR.xcdatamodeld */; };
		0D4E06CE22267D7200EB5DDC /* Assets.xcassets in Resources */ = {isa = PBXBuildFile; fileRef = 0D4E06CD22267D7200EB5DDC /* Assets.xcassets */; };
		0D4E06D122267D7200EB5DDC /* LaunchScreen.storyboard in Resources */ = {isa = PBXBuildFile; fileRef = 0D4E06CF22267D7200EB5DDC /* LaunchScreen.storyboard */; };
		0D4E06DC22267D7200EB5DDC /* PiHRTests.swift in Sources */ = {isa = PBXBuildFile; fileRef = 0D4E06DB22267D7200EB5DDC /* PiHRTests.swift */; };
		0D4E06E8222692C600EB5DDC /* DomainLoginViewController.swift in Sources */ = {isa = PBXBuildFile; fileRef = 0D4E06E7222692C600EB5DDC /* DomainLoginViewController.swift */; };
/* End PBXBuildFile section */

/* Begin PBXContainerItemProxy section */
		0D4E06D822267D7200EB5DDC /* PBXContainerItemProxy */ = {
			isa = PBXContainerItemProxy;
			containerPortal = 0D4E06B822267D7100EB5DDC /* Project object */;
			proxyType = 1;
			remoteGlobalIDString = 0D4E06BF22267D7100EB5DDC;
			remoteInfo = PiHR;
		};
/* End PBXContainerItemProxy section */

/* Begin PBXFileReference section */
		0D4E06C022267D7100EB5DDC /* PiHR.app */ = {isa = PBXFileReference; explicitFileType = wrapper.application; includeInIndex = 0; path = PiHR.app; sourceTree = BUILT_PRODUCTS_DIR; };
		0D4E06C322267D7100EB5DDC /* AppDelegate.swift */ = {isa = PBXFileReference; lastKnownFileType = sourcecode.swift; path = AppDelegate.swift; sourceTree = "<group>"; };
		0D4E06C822267D7100EB5DDC /* Base */ = {isa = PBXFileReference; lastKnownFileType = file.storyboard; name = Base; path = Base.lproj/Main.storyboard; sourceTree = "<group>"; };
		0D4E06CB22267D7100EB5DDC /* PiHR.xcdatamodel */ = {isa = PBXFileReference; lastKnownFileType = wrapper.xcdatamodel; path = PiHR.xcdatamodel; sourceTree = "<group>"; };
		0D4E06CD22267D7200EB5DDC /* Assets.xcassets */ = {isa = PBXFileReference; lastKnownFileType = folder.assetcatalog; path = Assets.xcassets; sourceTree = "<group>"; };
		0D4E06D022267D7200EB5DDC /* Base */ = {isa = PBXFileReference; lastKnownFileType = file.storyboard; name = Base; path = Base.lproj/LaunchScreen.storyboard; sourceTree = "<group>"; };
		0D4E06D222267D7200EB5DDC /* Info.plist */ = {isa = PBXFileReference; lastKnownFileType = text.plist.xml; path = Info.plist; sourceTree = "<group>"; };
		0D4E06D722267D7200EB5DDC /* PiHRTests.xctest */ = {isa = PBXFileReference; explicitFileType = wrapper.cfbundle; includeInIndex = 0; path = PiHRTests.xctest; sourceTree = BUILT_PRODUCTS_DIR; };
		0D4E06DB22267D7200EB5DDC /* PiHRTests.swift */ = {isa = PBXFileReference; lastKnownFileType = sourcecode.swift; path = PiHRTests.swift; sourceTree = "<group>"; };
		0D4E06DD22267D7200EB5DDC /* Info.plist */ = {isa = PBXFileReference; lastKnownFileType = text.plist.xml; path = Info.plist; sourceTree = "<group>"; };
		0D4E06E7222692C600EB5DDC /* DomainLoginViewController.swift */ = {isa = PBXFileReference; lastKnownFileType = sourcecode.swift; path = DomainLoginViewController.swift; sourceTree = "<group>"; };
/* End PBXFileReference section */

/* Begin PBXFrameworksBuildPhase section */
		0D4E06BD22267D7100EB5DDC /* Frameworks */ = {
			isa = PBXFrameworksBuildPhase;
			buildActionMask = 2147483647;
			files = (
			);
			runOnlyForDeploymentPostprocessing = 0;
		};
		0D4E06D422267D7200EB5DDC /* Frameworks */ = {
			isa = PBXFrameworksBuildPhase;
			buildActionMask = 2147483647;
			files = (
			);
			runOnlyForDeploymentPostprocessing = 0;
		};
/* End PBXFrameworksBuildPhase section */

/* Begin PBXGroup section */
		0D4E06B722267D7100EB5DDC = {
			isa = PBXGroup;
			children = (
				0D4E06C222267D7100EB5DDC /* PiHR */,
				0D4E06DA22267D7200EB5DDC /* PiHRTests */,
				0D4E06C122267D7100EB5DDC /* Products */,
			);
			sourceTree = "<group>";
		};
		0D4E06C122267D7100EB5DDC /* Products */ = {
			isa = PBXGroup;
			children = (
				0D4E06C022267D7100EB5DDC /* PiHR.app */,
				0D4E06D722267D7200EB5DDC /* PiHRTests.xctest */,
			);
			name = Products;
			sourceTree = "<group>";
		};
		0D4E06C222267D7100EB5DDC /* PiHR */ = {
			isa = PBXGroup;
			children = (
				0D4E06C322267D7100EB5DDC /* AppDelegate.swift */,
				0D4E06E6222692B000EB5DDC /* Controllers */,
				0D4E06C722267D7100EB5DDC /* Main.storyboard */,
				0D4E06CD22267D7200EB5DDC /* Assets.xcassets */,
				0D4E06CF22267D7200EB5DDC /* LaunchScreen.storyboard */,
				0D4E06D222267D7200EB5DDC /* Info.plist */,
				0D4E06CA22267D7100EB5DDC /* PiHR.xcdatamodeld */,
			);
			path = PiHR;
			sourceTree = "<group>";
		};
		0D4E06DA22267D7200EB5DDC /* PiHRTests */ = {
			isa = PBXGroup;
			children = (
				0D4E06DB22267D7200EB5DDC /* PiHRTests.swift */,
				0D4E06DD22267D7200EB5DDC /* Info.plist */,
			);
			path = PiHRTests;
			sourceTree = "<group>";
		};
		0D4E06E6222692B000EB5DDC /* Controllers */ = {
			isa = PBXGroup;
			children = (
				0D4E06E7222692C600EB5DDC /* DomainLoginViewController.swift */,
			);
			path = Controllers;
			sourceTree = "<group>";
		};
/* End PBXGroup section */

/* Begin PBXNativeTarget section */
		0D4E06BF22267D7100EB5DDC /* PiHR */ = {
			isa = PBXNativeTarget;
			buildConfigurationList = 0D4E06E022267D7200EB5DDC /* Build configuration list for PBXNativeTarget "PiHR" */;
			buildPhases = (
				0D4E06BC22267D7100EB5DDC /* Sources */,
				0D4E06BD22267D7100EB5DDC /* Frameworks */,
				0D4E06BE22267D7100EB5DDC /* Resources */,
			);
			buildRules = (
			);
			dependencies = (
			);
			name = PiHR;
			productName = PiHR;
			productReference = 0D4E06C022267D7100EB5DDC /* PiHR.app */;
			productType = "com.apple.product-type.application";
		};
		0D4E06D622267D7200EB5DDC /* PiHRTests */ = {
			isa = PBXNativeTarget;
			buildConfigurationList = 0D4E06E322267D7200EB5DDC /* Build configuration list for PBXNativeTarget "PiHRTests" */;
			buildPhases = (
				0D4E06D322267D7200EB5DDC /* Sources */,
				0D4E06D422267D7200EB5DDC /* Frameworks */,
				0D4E06D522267D7200EB5DDC /* Resources */,
			);
			buildRules = (
			);
			dependencies = (
				0D4E06D922267D7200EB5DDC /* PBXTargetDependency */,
			);
			name = PiHRTests;
			productName = PiHRTests;
			productReference = 0D4E06D722267D7200EB5DDC /* PiHRTests.xctest */;
			productType = "com.apple.product-type.bundle.unit-test";
		};
/* End PBXNativeTarget section */

/* Begin PBXProject section */
		0D4E06B822267D7100EB5DDC /* Project object */ = {
			isa = PBXProject;
			attributes = {
				LastSwiftUpdateCheck = 1010;
				LastUpgradeCheck = 1010;
				ORGANIZATIONNAME = "Binate Solutions";
				TargetAttributes = {
					0D4E06BF22267D7100EB5DDC = {
						CreatedOnToolsVersion = 10.1;
					};
					0D4E06D622267D7200EB5DDC = {
						CreatedOnToolsVersion = 10.1;
						TestTargetID = 0D4E06BF22267D7100EB5DDC;
					};
				};
			};
			buildConfigurationList = 0D4E06BB22267D7100EB5DDC /* Build configuration list for PBXProject "PiHR" */;
			compatibilityVersion = "Xcode 9.3";
			developmentRegion = en;
			hasScannedForEncodings = 0;
			knownRegions = (
				en,
				Base,
			);
			mainGroup = 0D4E06B722267D7100EB5DDC;
			productRefGroup = 0D4E06C122267D7100EB5DDC /* Products */;
			projectDirPath = "";
			projectRoot = "";
			targets = (
				0D4E06BF22267D7100EB5DDC /* PiHR */,
				0D4E06D622267D7200EB5DDC /* PiHRTests */,
			);
		};
/* End PBXProject section */

/* Begin PBXResourcesBuildPhase section */
		0D4E06BE22267D7100EB5DDC /* Resources */ = {
			isa = PBXResourcesBuildPhase;
			buildActionMask = 2147483647;
			files = (
				0D4E06D122267D7200EB5DDC /* LaunchScreen.storyboard in Resources */,
				0D4E06CE22267D7200EB5DDC /* Assets.xcassets in Resources */,
				0D4E06C922267D7100EB5DDC /* Main.storyboard in Resources */,
			);
			runOnlyForDeploymentPostprocessing = 0;
		};
		0D4E06D522267D7200EB5DDC /* Resources */ = {
			isa = PBXResourcesBuildPhase;
			buildActionMask = 2147483647;
			files = (
			);
			runOnlyForDeploymentPostprocessing = 0;
		};
/* End PBXResourcesBuildPhase section */

/* Begin PBXSourcesBuildPhase section */
		0D4E06BC22267D7100EB5DDC /* Sources */ = {
			isa = PBXSourcesBuildPhase;
			buildActionMask = 2147483647;
			files = (
				0D4E06CC22267D7100EB5DDC /* PiHR.xcdatamodeld in Sources */,
				0D4E06E8222692C600EB5DDC /* DomainLoginViewController.swift in Sources */,
				0D4E06C422267D7100EB5DDC /* AppDelegate.swift in Sources */,
			);
			runOnlyForDeploymentPostprocessing = 0;
		};
		0D4E06D322267D7200EB5DDC /* Sources */ = {
			isa = PBXSourcesBuildPhase;
			buildActionMask = 2147483647;
			files = (
				0D4E06DC22267D7200EB5DDC /* PiHRTests.swift in Sources */,
			);
			runOnlyForDeploymentPostprocessing = 0;
		};
/* End PBXSourcesBuildPhase section */

/* Begin PBXTargetDependency section */
		0D4E06D922267D7200EB5DDC /* PBXTargetDependency */ = {
			isa = PBXTargetDependency;
			target = 0D4E06BF22267D7100EB5DDC /* PiHR */;
			targetProxy = 0D4E06D822267D7200EB5DDC /* PBXContainerItemProxy */;
		};
/* End PBXTargetDependency section */

/* Begin PBXVariantGroup section */
		0D4E06C722267D7100EB5DDC /* Main.storyboard */ = {
			isa = PBXVariantGroup;
			children = (
				0D4E06C822267D7100EB5DDC /* Base */,
			);
			name = Main.storyboard;
			sourceTree = "<group>";
		};
		0D4E06CF22267D7200EB5DDC /* LaunchScreen.storyboard */ = {
			isa = PBXVariantGroup;
			children = (
				0D4E06D022267D7200EB5DDC /* Base */,
			);
			name = LaunchScreen.storyboard;
			sourceTree = "<group>";
		};
/* End PBXVariantGroup section */

/* Begin XCBuildConfiguration section */
		0D4E06DE22267D7200EB5DDC /* Debug */ = {
			isa = XCBuildConfiguration;
			buildSettings = {
				ALWAYS_SEARCH_USER_PATHS = NO;
				CLANG_ANALYZER_NONNULL = YES;
				CLANG_ANALYZER_NUMBER_OBJECT_CONVERSION = YES_AGGRESSIVE;
				CLANG_CXX_LANGUAGE_STANDARD = "gnu++14";
				CLANG_CXX_LIBRARY = "libc++";
				CLANG_ENABLE_MODULES = YES;
				CLANG_ENABLE_OBJC_ARC = YES;
				CLANG_ENABLE_OBJC_WEAK = YES;
				CLANG_WARN_BLOCK_CAPTURE_AUTORELEASING = YES;
				CLANG_WARN_BOOL_CONVERSION = YES;
				CLANG_WARN_COMMA = YES;
				CLANG_WARN_CONSTANT_CONVERSION = YES;
				CLANG_WARN_DEPRECATED_OBJC_IMPLEMENTATIONS = YES;
				CLANG_WARN_DIRECT_OBJC_ISA_USAGE = YES_ERROR;
				CLANG_WARN_DOCUMENTATION_COMMENTS = YES;
				CLANG_WARN_EMPTY_BODY = YES;
				CLANG_WARN_ENUM_CONVERSION = YES;
				CLANG_WARN_INFINITE_RECURSION = YES;
				CLANG_WARN_INT_CONVERSION = YES;
				CLANG_WARN_NON_LITERAL_NULL_CONVERSION = YES;
				CLANG_WARN_OBJC_IMPLICIT_RETAIN_SELF = YES;
				CLANG_WARN_OBJC_LITERAL_CONVERSION = YES;
				CLANG_WARN_OBJC_ROOT_CLASS = YES_ERROR;
				CLANG_WARN_RANGE_LOOP_ANALYSIS = YES;
				CLANG_WARN_STRICT_PROTOTYPES = YES;
				CLANG_WARN_SUSPICIOUS_MOVE = YES;
				CLANG_WARN_UNGUARDED_AVAILABILITY = YES_AGGRESSIVE;
				CLANG_WARN_UNREACHABLE_CODE = YES;
				CLANG_WARN__DUPLICATE_METHOD_MATCH = YES;
				CODE_SIGN_IDENTITY = "iPhone Developer";
				COPY_PHASE_STRIP = NO;
				DEBUG_INFORMATION_FORMAT = dwarf;
				ENABLE_STRICT_OBJC_MSGSEND = YES;
				ENABLE_TESTABILITY = YES;
				GCC_C_LANGUAGE_STANDARD = gnu11;
				GCC_DYNAMIC_NO_PIC = NO;
				GCC_NO_COMMON_BLOCKS = YES;
				GCC_OPTIMIZATION_LEVEL = 0;
				GCC_PREPROCESSOR_DEFINITIONS = (
					"DEBUG=1",
					"$(inherited)",
				);
				GCC_WARN_64_TO_32_BIT_CONVERSION = YES;
				GCC_WARN_ABOUT_RETURN_TYPE = YES_ERROR;
				GCC_WARN_UNDECLARED_SELECTOR = YES;
				GCC_WARN_UNINITIALIZED_AUTOS = YES_AGGRESSIVE;
				GCC_WARN_UNUSED_FUNCTION = YES;
				GCC_WARN_UNUSED_VARIABLE = YES;
				IPHONEOS_DEPLOYMENT_TARGET = 12.1;
				MTL_ENABLE_DEBUG_INFO = INCLUDE_SOURCE;
				MTL_FAST_MATH = YES;
				ONLY_ACTIVE_ARCH = YES;
				SDKROOT = iphoneos;
				SWIFT_ACTIVE_COMPILATION_CONDITIONS = DEBUG;
				SWIFT_OPTIMIZATION_LEVEL = "-Onone";
			};
			name = Debug;
		};
		0D4E06DF22267D7200EB5DDC /* Release */ = {
			isa = XCBuildConfiguration;
			buildSettings = {
				ALWAYS_SEARCH_USER_PATHS = NO;
				CLANG_ANALYZER_NONNULL = YES;
				CLANG_ANALYZER_NUMBER_OBJECT_CONVERSION = YES_AGGRESSIVE;
				CLANG_CXX_LANGUAGE_STANDARD = "gnu++14";
				CLANG_CXX_LIBRARY = "libc++";
				CLANG_ENABLE_MODULES = YES;
				CLANG_ENABLE_OBJC_ARC = YES;
				CLANG_ENABLE_OBJC_WEAK = YES;
				CLANG_WARN_BLOCK_CAPTURE_AUTORELEASING = YES;
				CLANG_WARN_BOOL_CONVERSION = YES;
				CLANG_WARN_COMMA = YES;
				CLANG_WARN_CONSTANT_CONVERSION = YES;
				CLANG_WARN_DEPRECATED_OBJC_IMPLEMENTATIONS = YES;
				CLANG_WARN_DIRECT_OBJC_ISA_USAGE = YES_ERROR;
				CLANG_WARN_DOCUMENTATION_COMMENTS = YES;
				CLANG_WARN_EMPTY_BODY = YES;
				CLANG_WARN_ENUM_CONVERSION = YES;
				CLANG_WARN_INFINITE_RECURSION = YES;
				CLANG_WARN_INT_CONVERSION = YES;
				CLANG_WARN_NON_LITERAL_NULL_CONVERSION = YES;
				CLANG_WARN_OBJC_IMPLICIT_RETAIN_SELF = YES;
				CLANG_WARN_OBJC_LITERAL_CONVERSION = YES;
				CLANG_WARN_OBJC_ROOT_CLASS = YES_ERROR;
				CLANG_WARN_RANGE_LOOP_ANALYSIS = YES;
				CLANG_WARN_STRICT_PROTOTYPES = YES;
				CLANG_WARN_SUSPICIOUS_MOVE = YES;
				CLANG_WARN_UNGUARDED_AVAILABILITY = YES_AGGRESSIVE;
				CLANG_WARN_UNREACHABLE_CODE = YES;
				CLANG_WARN__DUPLICATE_METHOD_MATCH = YES;
				CODE_SIGN_IDENTITY = "iPhone Developer";
				COPY_PHASE_STRIP = NO;
				DEBUG_INFORMATION_FORMAT = "dwarf-with-dsym";
				ENABLE_NS_ASSERTIONS = NO;
				ENABLE_STRICT_OBJC_MSGSEND = YES;
				GCC_C_LANGUAGE_STANDARD = gnu11;
				GCC_NO_COMMON_BLOCKS = YES;
				GCC_WARN_64_TO_32_BIT_CONVERSION = YES;
				GCC_WARN_ABOUT_RETURN_TYPE = YES_ERROR;
				GCC_WARN_UNDECLARED_SELECTOR = YES;
				GCC_WARN_UNINITIALIZED_AUTOS = YES_AGGRESSIVE;
				GCC_WARN_UNUSED_FUNCTION = YES;
				GCC_WARN_UNUSED_VARIABLE = YES;
				IPHONEOS_DEPLOYMENT_TARGET = 12.1;
				MTL_ENABLE_DEBUG_INFO = NO;
				MTL_FAST_MATH = YES;
				SDKROOT = iphoneos;
				SWIFT_COMPILATION_MODE = wholemodule;
				SWIFT_OPTIMIZATION_LEVEL = "-O";
				VALIDATE_PRODUCT = YES;
			};
			name = Release;
		};
		0D4E06E122267D7200EB5DDC /* Debug */ = {
			isa = XCBuildConfiguration;
			buildSettings = {
				ASSETCATALOG_COMPILER_APPICON_NAME = AppIcon;
				CODE_SIGN_STYLE = Automatic;
				DEVELOPMENT_TEAM = LG4R8JRQ9E;
				INFOPLIST_FILE = PiHR/Info.plist;
				LD_RUNPATH_SEARCH_PATHS = (
					"$(inherited)",
					"@executable_path/Frameworks",
				);
				PRODUCT_BUNDLE_IDENTIFIER = com.iOSBinate.PiHR;
				PRODUCT_NAME = "$(TARGET_NAME)";
				SWIFT_VERSION = 4.2;
				TARGETED_DEVICE_FAMILY = "1,2";
			};
			name = Debug;
		};
		0D4E06E222267D7200EB5DDC /* Release */ = {
			isa = XCBuildConfiguration;
			buildSettings = {
				ASSETCATALOG_COMPILER_APPICON_NAME = AppIcon;
				CODE_SIGN_STYLE = Automatic;
				DEVELOPMENT_TEAM = LG4R8JRQ9E;
				INFOPLIST_FILE = PiHR/Info.plist;
				LD_RUNPATH_SEARCH_PATHS = (
					"$(inherited)",
					"@executable_path/Frameworks",
				);
				PRODUCT_BUNDLE_IDENTIFIER = com.iOSBinate.PiHR;
				PRODUCT_NAME = "$(TARGET_NAME)";
				SWIFT_VERSION = 4.2;
				TARGETED_DEVICE_FAMILY = "1,2";
			};
			name = Release;
		};
		0D4E06E422267D7200EB5DDC /* Debug */ = {
			isa = XCBuildConfiguration;
			buildSettings = {
				ALWAYS_EMBED_SWIFT_STANDARD_LIBRARIES = YES;
				BUNDLE_LOADER = "$(TEST_HOST)";
				CODE_SIGN_STYLE = Automatic;
				DEVELOPMENT_TEAM = LG4R8JRQ9E;
				INFOPLIST_FILE = PiHRTests/Info.plist;
				LD_RUNPATH_SEARCH_PATHS = (
					"$(inherited)",
					"@executable_path/Frameworks",
					"@loader_path/Frameworks",
				);
				PRODUCT_BUNDLE_IDENTIFIER = com.iOSBinate.PiHRTests;
				PRODUCT_NAME = "$(TARGET_NAME)";
				SWIFT_VERSION = 4.2;
				TARGETED_DEVICE_FAMILY = "1,2";
				TEST_HOST = "$(BUILT_PRODUCTS_DIR)/PiHR.app/PiHR";
			};
			name = Debug;
		};
		0D4E06E522267D7200EB5DDC /* Release */ = {
			isa = XCBuildConfiguration;
			buildSettings = {
				ALWAYS_EMBED_SWIFT_STANDARD_LIBRARIES = YES;
				BUNDLE_LOADER = "$(TEST_HOST)";
				CODE_SIGN_STYLE = Automatic;
				DEVELOPMENT_TEAM = LG4R8JRQ9E;
				INFOPLIST_FILE = PiHRTests/Info.plist;
				LD_RUNPATH_SEARCH_PATHS = (
					"$(inherited)",
					"@executable_path/Frameworks",
					"@loader_path/Frameworks",
				);
				PRODUCT_BUNDLE_IDENTIFIER = com.iOSBinate.PiHRTests;
				PRODUCT_NAME = "$(TARGET_NAME)";
				SWIFT_VERSION = 4.2;
				TARGETED_DEVICE_FAMILY = "1,2";
				TEST_HOST = "$(BUILT_PRODUCTS_DIR)/PiHR.app/PiHR";
			};
			name = Release;
		};
/* End XCBuildConfiguration section */

/* Begin XCConfigurationList section */
		0D4E06BB22267D7100EB5DDC /* Build configuration list for PBXProject "PiHR" */ = {
			isa = XCConfigurationList;
			buildConfigurations = (
				0D4E06DE22267D7200EB5DDC /* Debug */,
				0D4E06DF22267D7200EB5DDC /* Release */,
			);
			defaultConfigurationIsVisible = 0;
			defaultConfigurationName = Release;
		};
		0D4E06E022267D7200EB5DDC /* Build configuration list for PBXNativeTarget "PiHR" */ = {
			isa = XCConfigurationList;
			buildConfigurations = (
				0D4E06E122267D7200EB5DDC /* Debug */,
				0D4E06E222267D7200EB5DDC /* Release */,
			);
			defaultConfigurationIsVisible = 0;
			defaultConfigurationName = Release;
		};
		0D4E06E322267D7200EB5DDC /* Build configuration list for PBXNativeTarget "PiHRTests" */ = {
			isa = XCConfigurationList;
			buildConfigurations = (
				0D4E06E422267D7200EB5DDC /* Debug */,
				0D4E06E522267D7200EB5DDC /* Release */,
			);
			defaultConfigurationIsVisible = 0;
			defaultConfigurationName = Release;
		};
/* End XCConfigurationList section */

/* Begin XCVersionGroup section */
		0D4E06CA22267D7100EB5DDC /* PiHR.xcdatamodeld */ = {
			isa = XCVersionGroup;
			children = (
				0D4E06CB22267D7100EB5DDC /* PiHR.xcdatamodel */,
			);
			currentVersion = 0D4E06CB22267D7100EB5DDC /* PiHR.xcdatamodel */;
			path = PiHR.xcdatamodeld;
			sourceTree = "<group>";
			versionGroupType = wrapper.xcdatamodel;
		};
/* End XCVersionGroup section */
	};
	rootObject = 0D4E06B822267D7100EB5DDC /* Project object */;
}
